
Microsoft Visual Studio Solution File, Format Version 12.00
# Visual Studio Version 17
VisualStudioVersion = 17.1.32421.90
MinimumVisualStudioVersion = 10.0.40219.1
Project("{FAE04EC0-301F-11D3-BF4B-00C04F79EFBC}") = "ProjektWPiAA", "ProjektWPiAA\ProjektWPiAA.csproj", "{D4C76524-E1E0-4D66-87CB-9B6D0E2CA0F9}"
EndProject
Global
	GlobalSection(SolutionConfigurationPlatforms) = preSolution
		Debug|Any CPU = Debug|Any CPU
		Release|Any CPU = Release|Any CPU
	EndGlobalSection
	GlobalSection(ProjectConfigurationPlatforms) = postSolution
		{D4C76524-E1E0-4D66-87CB-9B6D0E2CA0F9}.Debug|Any CPU.ActiveCfg = Debug|Any CPU
		{D4C76524-E1E0-4D66-87CB-9B6D0E2CA0F9}.Debug|Any CPU.Build.0 = Debug|Any CPU
		{D4C76524-E1E0-4D66-87CB-9B6D0E2CA0F9}.Release|Any CPU.ActiveCfg = Release|Any CPU
		{D4C76524-E1E0-4D66-87CB-9B6D0E2CA0F9}.Release|Any CPU.Build.0 = Release|Any CPU
	EndGlobalSection
	GlobalSection(SolutionProperties) = preSolution
		HideSolutionNode = FALSE
	EndGlobalSection
	GlobalSection(ExtensibilityGlobals) = postSolution
		SolutionGuid = {1A039C84-5524-4324-AA6A-C856FDBA5F4E}
	EndGlobalSection
EndGlobal
